// !$*UTF8*$!
{
	archiveVersion = 1;
	classes = {
	};
	objectVersion = 56;
	objects = {

/* Begin PBXBuildFile section */
		38017E1529073A1000FFC654 /* AppDelegate.swift in Sources */ = {isa = PBXBuildFile; fileRef = 38017E1429073A1000FFC654 /* AppDelegate.swift */; };
		38017E1729073A1000FFC654 /* ViewController.swift in Sources */ = {isa = PBXBuildFile; fileRef = 38017E1629073A1000FFC654 /* ViewController.swift */; };
		38017E1929073A1000FFC654 /* Experience.rcproject in Sources */ = {isa = PBXBuildFile; fileRef = 38017E1829073A1000FFC654 /* Experience.rcproject */; };
		38017E1C29073A1000FFC654 /* Main.storyboard in Resources */ = {isa = PBXBuildFile; fileRef = 38017E1A29073A1000FFC654 /* Main.storyboard */; };
		38017E1E29073A1200FFC654 /* Assets.xcassets in Resources */ = {isa = PBXBuildFile; fileRef = 38017E1D29073A1200FFC654 /* Assets.xcassets */; };
		38017E2129073A1200FFC654 /* LaunchScreen.storyboard in Resources */ = {isa = PBXBuildFile; fileRef = 38017E1F29073A1200FFC654 /* LaunchScreen.storyboard */; };
		38017E2B29073A1300FFC654 /* ImageDetectionTestTests.swift in Sources */ = {isa = PBXBuildFile; fileRef = 38017E2A29073A1300FFC654 /* ImageDetectionTestTests.swift */; };
		38017E3529073A1300FFC654 /* ImageDetectionTestUITests.swift in Sources */ = {isa = PBXBuildFile; fileRef = 38017E3429073A1300FFC654 /* ImageDetectionTestUITests.swift */; };
		38017E3729073A1300FFC654 /* ImageDetectionTestUITestsLaunchTests.swift in Sources */ = {isa = PBXBuildFile; fileRef = 38017E3629073A1300FFC654 /* ImageDetectionTestUITestsLaunchTests.swift */; };
		38017E4429073E5F00FFC654 /* tomandjerry.mp4 in Resources */ = {isa = PBXBuildFile; fileRef = 38017E4329073E5F00FFC654 /* tomandjerry.mp4 */; };
/* End PBXBuildFile section */

/* Begin PBXContainerItemProxy section */
		38017E2729073A1300FFC654 /* PBXContainerItemProxy */ = {
			isa = PBXContainerItemProxy;
			containerPortal = 38017E0929073A1000FFC654 /* Project object */;
			proxyType = 1;
			remoteGlobalIDString = 38017E1029073A1000FFC654;
			remoteInfo = ImageDetectionTest;
		};
		38017E3129073A1300FFC654 /* PBXContainerItemProxy */ = {
			isa = PBXContainerItemProxy;
			containerPortal = 38017E0929073A1000FFC654 /* Project object */;
			proxyType = 1;
			remoteGlobalIDString = 38017E1029073A1000FFC654;
			remoteInfo = ImageDetectionTest;
		};
/* End PBXContainerItemProxy section */

/* Begin PBXFileReference section */
		38017E1129073A1000FFC654 /* ImageDetectionTest.app */ = {isa = PBXFileReference; explicitFileType = wrapper.application; includeInIndex = 0; path = ImageDetectionTest.app; sourceTree = BUILT_PRODUCTS_DIR; };
		38017E1429073A1000FFC654 /* AppDelegate.swift */ = {isa = PBXFileReference; lastKnownFileType = sourcecode.swift; path = AppDelegate.swift; sourceTree = "<group>"; };
		38017E1629073A1000FFC654 /* ViewController.swift */ = {isa = PBXFileReference; lastKnownFileType = sourcecode.swift; path = ViewController.swift; sourceTree = "<group>"; };
		38017E1829073A1000FFC654 /* Experience.rcproject */ = {isa = PBXFileReference; lastKnownFileType = file.rcproject; path = Experience.rcproject; sourceTree = "<group>"; };
		38017E1B29073A1000FFC654 /* Base */ = {isa = PBXFileReference; lastKnownFileType = file.storyboard; name = Base; path = Base.lproj/Main.storyboard; sourceTree = "<group>"; };
		38017E1D29073A1200FFC654 /* Assets.xcassets */ = {isa = PBXFileReference; lastKnownFileType = folder.assetcatalog; path = Assets.xcassets; sourceTree = "<group>"; };
		38017E2029073A1200FFC654 /* Base */ = {isa = PBXFileReference; lastKnownFileType = file.storyboard; name = Base; path = Base.lproj/LaunchScreen.storyboard; sourceTree = "<group>"; };
		38017E2629073A1300FFC654 /* ImageDetectionTestTests.xctest */ = {isa = PBXFileReference; explicitFileType = wrapper.cfbundle; includeInIndex = 0; path = ImageDetectionTestTests.xctest; sourceTree = BUILT_PRODUCTS_DIR; };
		38017E2A29073A1300FFC654 /* ImageDetectionTestTests.swift */ = {isa = PBXFileReference; lastKnownFileType = sourcecode.swift; path = ImageDetectionTestTests.swift; sourceTree = "<group>"; };
		38017E3029073A1300FFC654 /* ImageDetectionTestUITests.xctest */ = {isa = PBXFileReference; explicitFileType = wrapper.cfbundle; includeInIndex = 0; path = ImageDetectionTestUITests.xctest; sourceTree = BUILT_PRODUCTS_DIR; };
		38017E3429073A1300FFC654 /* ImageDetectionTestUITests.swift */ = {isa = PBXFileReference; lastKnownFileType = sourcecode.swift; path = ImageDetectionTestUITests.swift; sourceTree = "<group>"; };
		38017E3629073A1300FFC654 /* ImageDetectionTestUITestsLaunchTests.swift */ = {isa = PBXFileReference; lastKnownFileType = sourcecode.swift; path = ImageDetectionTestUITestsLaunchTests.swift; sourceTree = "<group>"; };
		38017E4329073E5F00FFC654 /* tomandjerry.mp4 */ = {isa = PBXFileReference; lastKnownFileType = file; path = tomandjerry.mp4; sourceTree = "<group>"; };
/* End PBXFileReference section */

/* Begin PBXFrameworksBuildPhase section */
		38017E0E29073A1000FFC654 /* Frameworks */ = {
			isa = PBXFrameworksBuildPhase;
			buildActionMask = 2147483647;
			files = (
			);
			runOnlyForDeploymentPostprocessing = 0;
		};
		38017E2329073A1300FFC654 /* Frameworks */ = {
			isa = PBXFrameworksBuildPhase;
			buildActionMask = 2147483647;
			files = (
			);
			runOnlyForDeploymentPostprocessing = 0;
		};
		38017E2D29073A1300FFC654 /* Frameworks */ = {
			isa = PBXFrameworksBuildPhase;
			buildActionMask = 2147483647;
			files = (
			);
			runOnlyForDeploymentPostprocessing = 0;
		};
/* End PBXFrameworksBuildPhase section */

/* Begin PBXGroup section */
		38017E0829073A1000FFC654 = {
			isa = PBXGroup;
			children = (
				38017E1329073A1000FFC654 /* ImageDetectionTest */,
				38017E2929073A1300FFC654 /* ImageDetectionTestTests */,
				38017E3329073A1300FFC654 /* ImageDetectionTestUITests */,
				38017E1229073A1000FFC654 /* Products */,
			);
			sourceTree = "<group>";
		};
		38017E1229073A1000FFC654 /* Products */ = {
			isa = PBXGroup;
			children = (
				38017E1129073A1000FFC654 /* ImageDetectionTest.app */,
				38017E2629073A1300FFC654 /* ImageDetectionTestTests.xctest */,
				38017E3029073A1300FFC654 /* ImageDetectionTestUITests.xctest */,
			);
			name = Products;
			sourceTree = "<group>";
		};
		38017E1329073A1000FFC654 /* ImageDetectionTest */ = {
			isa = PBXGroup;
			children = (
				38017E4329073E5F00FFC654 /* tomandjerry.mp4 */,
				38017E1429073A1000FFC654 /* AppDelegate.swift */,
				38017E1629073A1000FFC654 /* ViewController.swift */,
				38017E1829073A1000FFC654 /* Experience.rcproject */,
				38017E1A29073A1000FFC654 /* Main.storyboard */,
				38017E1D29073A1200FFC654 /* Assets.xcassets */,
				38017E1F29073A1200FFC654 /* LaunchScreen.storyboard */,
			);
			path = ImageDetectionTest;
			sourceTree = "<group>";
		};
		38017E2929073A1300FFC654 /* ImageDetectionTestTests */ = {
			isa = PBXGroup;
			children = (
				38017E2A29073A1300FFC654 /* ImageDetectionTestTests.swift */,
			);
			path = ImageDetectionTestTests;
			sourceTree = "<group>";
		};
		38017E3329073A1300FFC654 /* ImageDetectionTestUITests */ = {
			isa = PBXGroup;
			children = (
				38017E3429073A1300FFC654 /* ImageDetectionTestUITests.swift */,
				38017E3629073A1300FFC654 /* ImageDetectionTestUITestsLaunchTests.swift */,
			);
			path = ImageDetectionTestUITests;
			sourceTree = "<group>";
		};
/* End PBXGroup section */

/* Begin PBXNativeTarget section */
		38017E1029073A1000FFC654 /* ImageDetectionTest */ = {
			isa = PBXNativeTarget;
			buildConfigurationList = 38017E3A29073A1300FFC654 /* Build configuration list for PBXNativeTarget "ImageDetectionTest" */;
			buildPhases = (
				38017E0D29073A1000FFC654 /* Sources */,
				38017E0E29073A1000FFC654 /* Frameworks */,
				38017E0F29073A1000FFC654 /* Resources */,
			);
			buildRules = (
			);
			dependencies = (
			);
			name = ImageDetectionTest;
			productName = ImageDetectionTest;
			productReference = 38017E1129073A1000FFC654 /* ImageDetectionTest.app */;
			productType = "com.apple.product-type.application";
		};
		38017E2529073A1300FFC654 /* ImageDetectionTestTests */ = {
			isa = PBXNativeTarget;
			buildConfigurationList = 38017E3D29073A1300FFC654 /* Build configuration list for PBXNativeTarget "ImageDetectionTestTests" */;
			buildPhases = (
				38017E2229073A1300FFC654 /* Sources */,
				38017E2329073A1300FFC654 /* Frameworks */,
				38017E2429073A1300FFC654 /* Resources */,
			);
			buildRules = (
			);
			dependencies = (
				38017E2829073A1300FFC654 /* PBXTargetDependency */,
			);
			name = ImageDetectionTestTests;
			productName = ImageDetectionTestTests;
			productReference = 38017E2629073A1300FFC654 /* ImageDetectionTestTests.xctest */;
			productType = "com.apple.product-type.bundle.unit-test";
		};
		38017E2F29073A1300FFC654 /* ImageDetectionTestUITests */ = {
			isa = PBXNativeTarget;
			buildConfigurationList = 38017E4029073A1300FFC654 /* Build configuration list for PBXNativeTarget "ImageDetectionTestUITests" */;
			buildPhases = (
				38017E2C29073A1300FFC654 /* Sources */,
				38017E2D29073A1300FFC654 /* Frameworks */,
				38017E2E29073A1300FFC654 /* Resources */,
			);
			buildRules = (
			);
			dependencies = (
				38017E3229073A1300FFC654 /* PBXTargetDependency */,
			);
			name = ImageDetectionTestUITests;
			productName = ImageDetectionTestUITests;
			productReference = 38017E3029073A1300FFC654 /* ImageDetectionTestUITests.xctest */;
			productType = "com.apple.product-type.bundle.ui-testing";
		};
/* End PBXNativeTarget section */

/* Begin PBXProject section */
		38017E0929073A1000FFC654 /* Project object */ = {
			isa = PBXProject;
			attributes = {
				BuildIndependentTargetsInParallel = 1;
				LastSwiftUpdateCheck = 1400;
				LastUpgradeCheck = 1400;
				TargetAttributes = {
					38017E1029073A1000FFC654 = {
						CreatedOnToolsVersion = 14.0.1;
					};
					38017E2529073A1300FFC654 = {
						CreatedOnToolsVersion = 14.0.1;
						TestTargetID = 38017E1029073A1000FFC654;
					};
					38017E2F29073A1300FFC654 = {
						CreatedOnToolsVersion = 14.0.1;
						TestTargetID = 38017E1029073A1000FFC654;
					};
				};
			};
			buildConfigurationList = 38017E0C29073A1000FFC654 /* Build configuration list for PBXProject "ImageDetectionTest" */;
			compatibilityVersion = "Xcode 14.0";
			developmentRegion = en;
			hasScannedForEncodings = 0;
			knownRegions = (
				en,
				Base,
			);
			mainGroup = 38017E0829073A1000FFC654;
			productRefGroup = 38017E1229073A1000FFC654 /* Products */;
			projectDirPath = "";
			projectRoot = "";
			targets = (
				38017E1029073A1000FFC654 /* ImageDetectionTest */,
				38017E2529073A1300FFC654 /* ImageDetectionTestTests */,
				38017E2F29073A1300FFC654 /* ImageDetectionTestUITests */,
			);
		};
/* End PBXProject section */

/* Begin PBXResourcesBuildPhase section */
		38017E0F29073A1000FFC654 /* Resources */ = {
			isa = PBXResourcesBuildPhase;
			buildActionMask = 2147483647;
			files = (
				38017E2129073A1200FFC654 /* LaunchScreen.storyboard in Resources */,
				38017E1E29073A1200FFC654 /* Assets.xcassets in Resources */,
				38017E1C29073A1000FFC654 /* Main.storyboard in Resources */,
				38017E4429073E5F00FFC654 /* tomandjerry.mp4 in Resources */,
			);
			runOnlyForDeploymentPostprocessing = 0;
		};
		38017E2429073A1300FFC654 /* Resources */ = {
			isa = PBXResourcesBuildPhase;
			buildActionMask = 2147483647;
			files = (
			);
			runOnlyForDeploymentPostprocessing = 0;
		};
		38017E2E29073A1300FFC654 /* Resources */ = {
			isa = PBXResourcesBuildPhase;
			buildActionMask = 2147483647;
			files = (
			);
			runOnlyForDeploymentPostprocessing = 0;
		};
/* End PBXResourcesBuildPhase section */

/* Begin PBXSourcesBuildPhase section */
		38017E0D29073A1000FFC654 /* Sources */ = {
			isa = PBXSourcesBuildPhase;
			buildActionMask = 2147483647;
			files = (
				38017E1729073A1000FFC654 /* ViewController.swift in Sources */,
				38017E1529073A1000FFC654 /* AppDelegate.swift in Sources */,
				38017E1929073A1000FFC654 /* Experience.rcproject in Sources */,
			);
			runOnlyForDeploymentPostprocessing = 0;
		};
		38017E2229073A1300FFC654 /* Sources */ = {
			isa = PBXSourcesBuildPhase;
			buildActionMask = 2147483647;
			files = (
				38017E2B29073A1300FFC654 /* ImageDetectionTestTests.swift in Sources */,
			);
			runOnlyForDeploymentPostprocessing = 0;
		};
		38017E2C29073A1300FFC654 /* Sources */ = {
			isa = PBXSourcesBuildPhase;
			buildActionMask = 2147483647;
			files = (
				38017E3729073A1300FFC654 /* ImageDetectionTestUITestsLaunchTests.swift in Sources */,
				38017E3529073A1300FFC654 /* ImageDetectionTestUITests.swift in Sources */,
			);
			runOnlyForDeploymentPostprocessing = 0;
		};
/* End PBXSourcesBuildPhase section */

/* Begin PBXTargetDependency section */
		38017E2829073A1300FFC654 /* PBXTargetDependency */ = {
			isa = PBXTargetDependency;
			target = 38017E1029073A1000FFC654 /* ImageDetectionTest */;
			targetProxy = 38017E2729073A1300FFC654 /* PBXContainerItemProxy */;
		};
		38017E3229073A1300FFC654 /* PBXTargetDependency */ = {
			isa = PBXTargetDependency;
			target = 38017E1029073A1000FFC654 /* ImageDetectionTest */;
			targetProxy = 38017E3129073A1300FFC654 /* PBXContainerItemProxy */;
		};
/* End PBXTargetDependency section */

/* Begin PBXVariantGroup section */
		38017E1A29073A1000FFC654 /* Main.storyboard */ = {
			isa = PBXVariantGroup;
			children = (
				38017E1B29073A1000FFC654 /* Base */,
			);
			name = Main.storyboard;
			sourceTree = "<group>";
		};
		38017E1F29073A1200FFC654 /* LaunchScreen.storyboard */ = {
			isa = PBXVariantGroup;
			children = (
				38017E2029073A1200FFC654 /* Base */,
			);
			name = LaunchScreen.storyboard;
			sourceTree = "<group>";
		};
/* End PBXVariantGroup section */

/* Begin XCBuildConfiguration section */
		38017E3829073A1300FFC654 /* Debug */ = {
			isa = XCBuildConfiguration;
			buildSettings = {
				ALWAYS_SEARCH_USER_PATHS = NO;
				CLANG_ANALYZER_NONNULL = YES;
				CLANG_ANALYZER_NUMBER_OBJECT_CONVERSION = YES_AGGRESSIVE;
				CLANG_CXX_LANGUAGE_STANDARD = "gnu++20";
				CLANG_ENABLE_MODULES = YES;
				CLANG_ENABLE_OBJC_ARC = YES;
				CLANG_ENABLE_OBJC_WEAK = YES;
				CLANG_WARN_BLOCK_CAPTURE_AUTORELEASING = YES;
				CLANG_WARN_BOOL_CONVERSION = YES;
				CLANG_WARN_COMMA = YES;
				CLANG_WARN_CONSTANT_CONVERSION = YES;
				CLANG_WARN_DEPRECATED_OBJC_IMPLEMENTATIONS = YES;
				CLANG_WARN_DIRECT_OBJC_ISA_USAGE = YES_ERROR;
				CLANG_WARN_DOCUMENTATION_COMMENTS = YES;
				CLANG_WARN_EMPTY_BODY = YES;
				CLANG_WARN_ENUM_CONVERSION = YES;
				CLANG_WARN_INFINITE_RECURSION = YES;
				CLANG_WARN_INT_CONVERSION = YES;
				CLANG_WARN_NON_LITERAL_NULL_CONVERSION = YES;
				CLANG_WARN_OBJC_IMPLICIT_RETAIN_SELF = YES;
				CLANG_WARN_OBJC_LITERAL_CONVERSION = YES;
				CLANG_WARN_OBJC_ROOT_CLASS = YES_ERROR;
				CLANG_WARN_QUOTED_INCLUDE_IN_FRAMEWORK_HEADER = YES;
				CLANG_WARN_RANGE_LOOP_ANALYSIS = YES;
				CLANG_WARN_STRICT_PROTOTYPES = YES;
				CLANG_WARN_SUSPICIOUS_MOVE = YES;
				CLANG_WARN_UNGUARDED_AVAILABILITY = YES_AGGRESSIVE;
				CLANG_WARN_UNREACHABLE_CODE = YES;
				CLANG_WARN__DUPLICATE_METHOD_MATCH = YES;
				COPY_PHASE_STRIP = NO;
				DEBUG_INFORMATION_FORMAT = dwarf;
				ENABLE_STRICT_OBJC_MSGSEND = YES;
				ENABLE_TESTABILITY = YES;
				GCC_C_LANGUAGE_STANDARD = gnu11;
				GCC_DYNAMIC_NO_PIC = NO;
				GCC_NO_COMMON_BLOCKS = YES;
				GCC_OPTIMIZATION_LEVEL = 0;
				GCC_PREPROCESSOR_DEFINITIONS = (
					"DEBUG=1",
					"$(inherited)",
				);
				GCC_WARN_64_TO_32_BIT_CONVERSION = YES;
				GCC_WARN_ABOUT_RETURN_TYPE = YES_ERROR;
				GCC_WARN_UNDECLARED_SELECTOR = YES;
				GCC_WARN_UNINITIALIZED_AUTOS = YES_AGGRESSIVE;
				GCC_WARN_UNUSED_FUNCTION = YES;
				GCC_WARN_UNUSED_VARIABLE = YES;
				IPHONEOS_DEPLOYMENT_TARGET = 16.0;
				MTL_ENABLE_DEBUG_INFO = INCLUDE_SOURCE;
				MTL_FAST_MATH = YES;
				ONLY_ACTIVE_ARCH = YES;
				SDKROOT = iphoneos;
				SWIFT_ACTIVE_COMPILATION_CONDITIONS = DEBUG;
				SWIFT_OPTIMIZATION_LEVEL = "-Onone";
			};
			name = Debug;
		};
		38017E3929073A1300FFC654 /* Release */ = {
			isa = XCBuildConfiguration;
			buildSettings = {
				ALWAYS_SEARCH_USER_PATHS = NO;
				CLANG_ANALYZER_NONNULL = YES;
				CLANG_ANALYZER_NUMBER_OBJECT_CONVERSION = YES_AGGRESSIVE;
				CLANG_CXX_LANGUAGE_STANDARD = "gnu++20";
				CLANG_ENABLE_MODULES = YES;
				CLANG_ENABLE_OBJC_ARC = YES;
				CLANG_ENABLE_OBJC_WEAK = YES;
				CLANG_WARN_BLOCK_CAPTURE_AUTORELEASING = YES;
				CLANG_WARN_BOOL_CONVERSION = YES;
				CLANG_WARN_COMMA = YES;
				CLANG_WARN_CONSTANT_CONVERSION = YES;
				CLANG_WARN_DEPRECATED_OBJC_IMPLEMENTATIONS = YES;
				CLANG_WARN_DIRECT_OBJC_ISA_USAGE = YES_ERROR;
				CLANG_WARN_DOCUMENTATION_COMMENTS = YES;
				CLANG_WARN_EMPTY_BODY = YES;
				CLANG_WARN_ENUM_CONVERSION = YES;
				CLANG_WARN_INFINITE_RECURSION = YES;
				CLANG_WARN_INT_CONVERSION = YES;
				CLANG_WARN_NON_LITERAL_NULL_CONVERSION = YES;
				CLANG_WARN_OBJC_IMPLICIT_RETAIN_SELF = YES;
				CLANG_WARN_OBJC_LITERAL_CONVERSION = YES;
				CLANG_WARN_OBJC_ROOT_CLASS = YES_ERROR;
				CLANG_WARN_QUOTED_INCLUDE_IN_FRAMEWORK_HEADER = YES;
				CLANG_WARN_RANGE_LOOP_ANALYSIS = YES;
				CLANG_WARN_STRICT_PROTOTYPES = YES;
				CLANG_WARN_SUSPICIOUS_MOVE = YES;
				CLANG_WARN_UNGUARDED_AVAILABILITY = YES_AGGRESSIVE;
				CLANG_WARN_UNREACHABLE_CODE = YES;
				CLANG_WARN__DUPLICATE_METHOD_MATCH = YES;
				COPY_PHASE_STRIP = NO;
				DEBUG_INFORMATION_FORMAT = "dwarf-with-dsym";
				ENABLE_NS_ASSERTIONS = NO;
				ENABLE_STRICT_OBJC_MSGSEND = YES;
				GCC_C_LANGUAGE_STANDARD = gnu11;
				GCC_NO_COMMON_BLOCKS = YES;
				GCC_WARN_64_TO_32_BIT_CONVERSION = YES;
				GCC_WARN_ABOUT_RETURN_TYPE = YES_ERROR;
				GCC_WARN_UNDECLARED_SELECTOR = YES;
				GCC_WARN_UNINITIALIZED_AUTOS = YES_AGGRESSIVE;
				GCC_WARN_UNUSED_FUNCTION = YES;
				GCC_WARN_UNUSED_VARIABLE = YES;
				IPHONEOS_DEPLOYMENT_TARGET = 16.0;
				MTL_ENABLE_DEBUG_INFO = NO;
				MTL_FAST_MATH = YES;
				SDKROOT = iphoneos;
				SWIFT_COMPILATION_MODE = wholemodule;
				SWIFT_OPTIMIZATION_LEVEL = "-O";
				VALIDATE_PRODUCT = YES;
			};
			name = Release;
		};
		38017E3B29073A1300FFC654 /* Debug */ = {
			isa = XCBuildConfiguration;
			buildSettings = {
				ASSETCATALOG_COMPILER_APPICON_NAME = AppIcon;
				ASSETCATALOG_COMPILER_GLOBAL_ACCENT_COLOR_NAME = AccentColor;
				CODE_SIGN_STYLE = Automatic;
				CURRENT_PROJECT_VERSION = 1;
				DEVELOPMENT_TEAM = 5J2KURWAZ9;
				GENERATE_INFOPLIST_FILE = YES;
				INFOPLIST_KEY_NSCameraUsageDescription = "";
				INFOPLIST_KEY_UIApplicationSupportsIndirectInputEvents = YES;
				INFOPLIST_KEY_UILaunchStoryboardName = LaunchScreen;
				INFOPLIST_KEY_UIMainStoryboardFile = Main;
				INFOPLIST_KEY_UIRequiredDeviceCapabilities = arkit;
				INFOPLIST_KEY_UIStatusBarHidden = YES;
				INFOPLIST_KEY_UISupportedInterfaceOrientations_iPad = "UIInterfaceOrientationPortrait UIInterfaceOrientationPortraitUpsideDown UIInterfaceOrientationLandscapeLeft UIInterfaceOrientationLandscapeRight";
				INFOPLIST_KEY_UISupportedInterfaceOrientations_iPhone = "UIInterfaceOrientationPortrait UIInterfaceOrientationLandscapeLeft UIInterfaceOrientationLandscapeRight";
				IPHONEOS_DEPLOYMENT_TARGET = 14.3;
				LD_RUNPATH_SEARCH_PATHS = (
					"$(inherited)",
					"@executable_path/Frameworks",
				);
				MARKETING_VERSION = 1.0;
				PRODUCT_BUNDLE_IDENTIFIER = com.mehequanna.imagedetectiontest.ImageDetectionTest;
				PRODUCT_NAME = "$(TARGET_NAME)";
				SWIFT_EMIT_LOC_STRINGS = YES;
				SWIFT_VERSION = 5.0;
				TARGETED_DEVICE_FAMILY = "1,2";
			};
			name = Debug;
		};
		38017E3C29073A1300FFC654 /* Release */ = {
			isa = XCBuildConfiguration;
			buildSettings = {
				ASSETCATALOG_COMPILER_APPICON_NAME = AppIcon;
				ASSETCATALOG_COMPILER_GLOBAL_ACCENT_COLOR_NAME = AccentColor;
				CODE_SIGN_STYLE = Automatic;
				CURRENT_PROJECT_VERSION = 1;
				DEVELOPMENT_TEAM = 5J2KURWAZ9;
				GENERATE_INFOPLIST_FILE = YES;
				INFOPLIST_KEY_NSCameraUsageDescription = "";
				INFOPLIST_KEY_UIApplicationSupportsIndirectInputEvents = YES;
				INFOPLIST_KEY_UILaunchStoryboardName = LaunchScreen;
				INFOPLIST_KEY_UIMainStoryboardFile = Main;
				INFOPLIST_KEY_UIRequiredDeviceCapabilities = arkit;
				INFOPLIST_KEY_UIStatusBarHidden = YES;
				INFOPLIST_KEY_UISupportedInterfaceOrientations_iPad = "UIInterfaceOrientationPortrait UIInterfaceOrientationPortraitUpsideDown UIInterfaceOrientationLandscapeLeft UIInterfaceOrientationLandscapeRight";
				INFOPLIST_KEY_UISupportedInterfaceOrientations_iPhone = "UIInterfaceOrientationPortrait UIInterfaceOrientationLandscapeLeft UIInterfaceOrientationLandscapeRight";
				IPHONEOS_DEPLOYMENT_TARGET = 14.3;
				LD_RUNPATH_SEARCH_PATHS = (
					"$(inherited)",
					"@executable_path/Frameworks",
				);
				MARKETING_VERSION = 1.0;
				PRODUCT_BUNDLE_IDENTIFIER = com.mehequanna.imagedetectiontest.ImageDetectionTest;
				PRODUCT_NAME = "$(TARGET_NAME)";
				SWIFT_EMIT_LOC_STRINGS = YES;
				SWIFT_VERSION = 5.0;
				TARGETED_DEVICE_FAMILY = "1,2";
			};
			name = Release;
		};
		38017E3E29073A1300FFC654 /* Debug */ = {
			isa = XCBuildConfiguration;
			buildSettings = {
				ALWAYS_EMBED_SWIFT_STANDARD_LIBRARIES = YES;
				BUNDLE_LOADER = "$(TEST_HOST)";
				CODE_SIGN_STYLE = Automatic;
				CURRENT_PROJECT_VERSION = 1;
				DEVELOPMENT_TEAM = 5J2KURWAZ9;
				GENERATE_INFOPLIST_FILE = YES;
				IPHONEOS_DEPLOYMENT_TARGET = 16.0;
				MARKETING_VERSION = 1.0;
				PRODUCT_BUNDLE_IDENTIFIER = com.mehequanna.imagedetectiontest.ImageDetectionTestTests;
				PRODUCT_NAME = "$(TARGET_NAME)";
				SWIFT_EMIT_LOC_STRINGS = NO;
				SWIFT_VERSION = 5.0;
				TARGETED_DEVICE_FAMILY = "1,2";
				TEST_HOST = "$(BUILT_PRODUCTS_DIR)/ImageDetectionTest.app/$(BUNDLE_EXECUTABLE_FOLDER_PATH)/ImageDetectionTest";
			};
			name = Debug;
		};
		38017E3F29073A1300FFC654 /* Release */ = {
			isa = XCBuildConfiguration;
			buildSettings = {
				ALWAYS_EMBED_SWIFT_STANDARD_LIBRARIES = YES;
				BUNDLE_LOADER = "$(TEST_HOST)";
				CODE_SIGN_STYLE = Automatic;
				CURRENT_PROJECT_VERSION = 1;
				DEVELOPMENT_TEAM = 5J2KURWAZ9;
				GENERATE_INFOPLIST_FILE = YES;
				IPHONEOS_DEPLOYMENT_TARGET = 16.0;
				MARKETING_VERSION = 1.0;
				PRODUCT_BUNDLE_IDENTIFIER = com.mehequanna.imagedetectiontest.ImageDetectionTestTests;
				PRODUCT_NAME = "$(TARGET_NAME)";
				SWIFT_EMIT_LOC_STRINGS = NO;
				SWIFT_VERSION = 5.0;
				TARGETED_DEVICE_FAMILY = "1,2";
				TEST_HOST = "$(BUILT_PRODUCTS_DIR)/ImageDetectionTest.app/$(BUNDLE_EXECUTABLE_FOLDER_PATH)/ImageDetectionTest";
			};
			name = Release;
		};
		38017E4129073A1300FFC654 /* Debug */ = {
			isa = XCBuildConfiguration;
			buildSettings = {
				ALWAYS_EMBED_SWIFT_STANDARD_LIBRARIES = YES;
				CODE_SIGN_STYLE = Automatic;
				CURRENT_PROJECT_VERSION = 1;
				DEVELOPMENT_TEAM = 5J2KURWAZ9;
				GENERATE_INFOPLIST_FILE = YES;
				MARKETING_VERSION = 1.0;
				PRODUCT_BUNDLE_IDENTIFIER = com.mehequanna.imagedetectiontest.ImageDetectionTestUITests;
				PRODUCT_NAME = "$(TARGET_NAME)";
				SWIFT_EMIT_LOC_STRINGS = NO;
				SWIFT_VERSION = 5.0;
				TARGETED_DEVICE_FAMILY = "1,2";
				TEST_TARGET_NAME = ImageDetectionTest;
			};
			name = Debug;
		};
		38017E4229073A1300FFC654 /* Release */ = {
			isa = XCBuildConfiguration;
			buildSettings = {
				ALWAYS_EMBED_SWIFT_STANDARD_LIBRARIES = YES;
				CODE_SIGN_STYLE = Automatic;
				CURRENT_PROJECT_VERSION = 1;
				DEVELOPMENT_TEAM = 5J2KURWAZ9;
				GENERATE_INFOPLIST_FILE = YES;
				MARKETING_VERSION = 1.0;
				PRODUCT_BUNDLE_IDENTIFIER = com.mehequanna.imagedetectiontest.ImageDetectionTestUITests;
				PRODUCT_NAME = "$(TARGET_NAME)";
				SWIFT_EMIT_LOC_STRINGS = NO;
				SWIFT_VERSION = 5.0;
				TARGETED_DEVICE_FAMILY = "1,2";
				TEST_TARGET_NAME = ImageDetectionTest;
			};
			name = Release;
		};
/* End XCBuildConfiguration section */

/* Begin XCConfigurationList section */
		38017E0C29073A1000FFC654 /* Build configuration list for PBXProject "ImageDetectionTest" */ = {
			isa = XCConfigurationList;
			buildConfigurations = (
				38017E3829073A1300FFC654 /* Debug */,
				38017E3929073A1300FFC654 /* Release */,
			);
			defaultConfigurationIsVisible = 0;
			defaultConfigurationName = Release;
		};
		38017E3A29073A1300FFC654 /* Build configuration list for PBXNativeTarget "ImageDetectionTest" */ = {
			isa = XCConfigurationList;
			buildConfigurations = (
				38017E3B29073A1300FFC654 /* Debug */,
				38017E3C29073A1300FFC654 /* Release */,
			);
			defaultConfigurationIsVisible = 0;
			defaultConfigurationName = Release;
		};
		38017E3D29073A1300FFC654 /* Build configuration list for PBXNativeTarget "ImageDetectionTestTests" */ = {
			isa = XCConfigurationList;
			buildConfigurations = (
				38017E3E29073A1300FFC654 /* Debug */,
				38017E3F29073A1300FFC654 /* Release */,
			);
			defaultConfigurationIsVisible = 0;
			defaultConfigurationName = Release;
		};
		38017E4029073A1300FFC654 /* Build configuration list for PBXNativeTarget "ImageDetectionTestUITests" */ = {
			isa = XCConfigurationList;
			buildConfigurations = (
				38017E4129073A1300FFC654 /* Debug */,
				38017E4229073A1300FFC654 /* Release */,
			);
			defaultConfigurationIsVisible = 0;
			defaultConfigurationName = Release;
		};
/* End XCConfigurationList section */
	};
	rootObject = 38017E0929073A1000FFC654 /* Project object */;
}
